// !$*UTF8*$!
{
	archiveVersion = 1;
	classes = {
	};
	objectVersion = 46;
	objects = {

/* Begin PBXBuildFile section */
		6A767AEE1DB2DDF60001161F /* AppDelegate.swift in Sources */ = {isa = PBXBuildFile; fileRef = 6A767AED1DB2DDF60001161F /* AppDelegate.swift */; };
		6A767AF01DB2DDF60001161F /* ViewController.swift in Sources */ = {isa = PBXBuildFile; fileRef = 6A767AEF1DB2DDF60001161F /* ViewController.swift */; };
		6A767AF31DB2DDF60001161F /* Main.storyboard in Resources */ = {isa = PBXBuildFile; fileRef = 6A767AF11DB2DDF60001161F /* Main.storyboard */; };
		6A767AF61DB2DDF60001161F /* Maps.xcdatamodeld in Sources */ = {isa = PBXBuildFile; fileRef = 6A767AF41DB2DDF60001161F /* Maps.xcdatamodeld */; };
		6A767AF81DB2DDF60001161F /* Assets.xcassets in Resources */ = {isa = PBXBuildFile; fileRef = 6A767AF71DB2DDF60001161F /* Assets.xcassets */; };
		6A767AFB1DB2DDF60001161F /* LaunchScreen.storyboard in Resources */ = {isa = PBXBuildFile; fileRef = 6A767AF91DB2DDF60001161F /* LaunchScreen.storyboard */; };
		6A767B061DB2DDF70001161F /* MapsTests.swift in Sources */ = {isa = PBXBuildFile; fileRef = 6A767B051DB2DDF70001161F /* MapsTests.swift */; };
		6A767B111DB2DDF70001161F /* MapsUITests.swift in Sources */ = {isa = PBXBuildFile; fileRef = 6A767B101DB2DDF70001161F /* MapsUITests.swift */; };
		6A767B251DB338FC0001161F /* ViewSettings.swift in Sources */ = {isa = PBXBuildFile; fileRef = 6A767B241DB338FC0001161F /* ViewSettings.swift */; };
		6A767B271DB3457D0001161F /* BoothProperties.swift in Sources */ = {isa = PBXBuildFile; fileRef = 6A767B261DB3457D0001161F /* BoothProperties.swift */; };
		6AC9A5E81DC27EDB001D7C8B /* ScrollSettings.swift in Sources */ = {isa = PBXBuildFile; fileRef = 6AC9A5E71DC27EDB001D7C8B /* ScrollSettings.swift */; };
/* End PBXBuildFile section */

/* Begin PBXContainerItemProxy section */
		6A767B021DB2DDF60001161F /* PBXContainerItemProxy */ = {
			isa = PBXContainerItemProxy;
			containerPortal = 6A767AE21DB2DDF60001161F /* Project object */;
			proxyType = 1;
			remoteGlobalIDString = 6A767AE91DB2DDF60001161F;
			remoteInfo = Maps;
		};
		6A767B0D1DB2DDF70001161F /* PBXContainerItemProxy */ = {
			isa = PBXContainerItemProxy;
			containerPortal = 6A767AE21DB2DDF60001161F /* Project object */;
			proxyType = 1;
			remoteGlobalIDString = 6A767AE91DB2DDF60001161F;
			remoteInfo = Maps;
		};
/* End PBXContainerItemProxy section */

/* Begin PBXFileReference section */
		6A767AEA1DB2DDF60001161F /* Maps.app */ = {isa = PBXFileReference; explicitFileType = wrapper.application; includeInIndex = 0; path = Maps.app; sourceTree = BUILT_PRODUCTS_DIR; };
		6A767AED1DB2DDF60001161F /* AppDelegate.swift */ = {isa = PBXFileReference; lastKnownFileType = sourcecode.swift; path = AppDelegate.swift; sourceTree = "<group>"; };
		6A767AEF1DB2DDF60001161F /* ViewController.swift */ = {isa = PBXFileReference; lastKnownFileType = sourcecode.swift; path = ViewController.swift; sourceTree = "<group>"; };
		6A767AF21DB2DDF60001161F /* Base */ = {isa = PBXFileReference; lastKnownFileType = file.storyboard; name = Base; path = Base.lproj/Main.storyboard; sourceTree = "<group>"; };
		6A767AF51DB2DDF60001161F /* Maps.xcdatamodel */ = {isa = PBXFileReference; lastKnownFileType = wrapper.xcdatamodel; path = Maps.xcdatamodel; sourceTree = "<group>"; };
		6A767AF71DB2DDF60001161F /* Assets.xcassets */ = {isa = PBXFileReference; lastKnownFileType = folder.assetcatalog; path = Assets.xcassets; sourceTree = "<group>"; };
		6A767AFA1DB2DDF60001161F /* Base */ = {isa = PBXFileReference; lastKnownFileType = file.storyboard; name = Base; path = Base.lproj/LaunchScreen.storyboard; sourceTree = "<group>"; };
		6A767AFC1DB2DDF60001161F /* Info.plist */ = {isa = PBXFileReference; lastKnownFileType = text.plist.xml; path = Info.plist; sourceTree = "<group>"; };
		6A767B011DB2DDF60001161F /* MapsTests.xctest */ = {isa = PBXFileReference; explicitFileType = wrapper.cfbundle; includeInIndex = 0; path = MapsTests.xctest; sourceTree = BUILT_PRODUCTS_DIR; };
		6A767B051DB2DDF70001161F /* MapsTests.swift */ = {isa = PBXFileReference; lastKnownFileType = sourcecode.swift; path = MapsTests.swift; sourceTree = "<group>"; };
		6A767B071DB2DDF70001161F /* Info.plist */ = {isa = PBXFileReference; lastKnownFileType = text.plist.xml; path = Info.plist; sourceTree = "<group>"; };
		6A767B0C1DB2DDF70001161F /* MapsUITests.xctest */ = {isa = PBXFileReference; explicitFileType = wrapper.cfbundle; includeInIndex = 0; path = MapsUITests.xctest; sourceTree = BUILT_PRODUCTS_DIR; };
		6A767B101DB2DDF70001161F /* MapsUITests.swift */ = {isa = PBXFileReference; lastKnownFileType = sourcecode.swift; path = MapsUITests.swift; sourceTree = "<group>"; };
		6A767B121DB2DDF70001161F /* Info.plist */ = {isa = PBXFileReference; lastKnownFileType = text.plist.xml; path = Info.plist; sourceTree = "<group>"; };
		6A767B241DB338FC0001161F /* ViewSettings.swift */ = {isa = PBXFileReference; fileEncoding = 4; lastKnownFileType = sourcecode.swift; path = ViewSettings.swift; sourceTree = "<group>"; };
		6A767B261DB3457D0001161F /* BoothProperties.swift */ = {isa = PBXFileReference; fileEncoding = 4; lastKnownFileType = sourcecode.swift; path = BoothProperties.swift; sourceTree = "<group>"; };
		6AC9A5E71DC27EDB001D7C8B /* ScrollSettings.swift */ = {isa = PBXFileReference; fileEncoding = 4; lastKnownFileType = sourcecode.swift; path = ScrollSettings.swift; sourceTree = "<group>"; };
/* End PBXFileReference section */

/* Begin PBXFrameworksBuildPhase section */
		6A767AE71DB2DDF60001161F /* Frameworks */ = {
			isa = PBXFrameworksBuildPhase;
			buildActionMask = 2147483647;
			files = (
			);
			runOnlyForDeploymentPostprocessing = 0;
		};
		6A767AFE1DB2DDF60001161F /* Frameworks */ = {
			isa = PBXFrameworksBuildPhase;
			buildActionMask = 2147483647;
			files = (
			);
			runOnlyForDeploymentPostprocessing = 0;
		};
		6A767B091DB2DDF70001161F /* Frameworks */ = {
			isa = PBXFrameworksBuildPhase;
			buildActionMask = 2147483647;
			files = (
			);
			runOnlyForDeploymentPostprocessing = 0;
		};
/* End PBXFrameworksBuildPhase section */

/* Begin PBXGroup section */
		6A767AE11DB2DDF60001161F = {
			isa = PBXGroup;
			children = (
				6A767AEC1DB2DDF60001161F /* Maps */,
				6A767B041DB2DDF60001161F /* MapsTests */,
				6A767B0F1DB2DDF70001161F /* MapsUITests */,
				6A767AEB1DB2DDF60001161F /* Products */,
			);
			sourceTree = "<group>";
		};
		6A767AEB1DB2DDF60001161F /* Products */ = {
			isa = PBXGroup;
			children = (
				6A767AEA1DB2DDF60001161F /* Maps.app */,
				6A767B011DB2DDF60001161F /* MapsTests.xctest */,
				6A767B0C1DB2DDF70001161F /* MapsUITests.xctest */,
			);
			name = Products;
			sourceTree = "<group>";
		};
		6A767AEC1DB2DDF60001161F /* Maps */ = {
			isa = PBXGroup;
			children = (
				6A767AED1DB2DDF60001161F /* AppDelegate.swift */,
				6A767B261DB3457D0001161F /* BoothProperties.swift */,
				6A767AEF1DB2DDF60001161F /* ViewController.swift */,
				6A767AF11DB2DDF60001161F /* Main.storyboard */,
				6A767B241DB338FC0001161F /* ViewSettings.swift */,
				6AC9A5E71DC27EDB001D7C8B /* ScrollSettings.swift */,
				6A767AF71DB2DDF60001161F /* Assets.xcassets */,
				6A767AF91DB2DDF60001161F /* LaunchScreen.storyboard */,
				6A767AFC1DB2DDF60001161F /* Info.plist */,
				6A767AF41DB2DDF60001161F /* Maps.xcdatamodeld */,
			);
			path = Maps;
			sourceTree = "<group>";
		};
		6A767B041DB2DDF60001161F /* MapsTests */ = {
			isa = PBXGroup;
			children = (
				6A767B051DB2DDF70001161F /* MapsTests.swift */,
				6A767B071DB2DDF70001161F /* Info.plist */,
			);
			path = MapsTests;
			sourceTree = "<group>";
		};
		6A767B0F1DB2DDF70001161F /* MapsUITests */ = {
			isa = PBXGroup;
			children = (
				6A767B101DB2DDF70001161F /* MapsUITests.swift */,
				6A767B121DB2DDF70001161F /* Info.plist */,
			);
			path = MapsUITests;
			sourceTree = "<group>";
		};
/* End PBXGroup section */

/* Begin PBXNativeTarget section */
		6A767AE91DB2DDF60001161F /* Maps */ = {
			isa = PBXNativeTarget;
			buildConfigurationList = 6A767B151DB2DDF70001161F /* Build configuration list for PBXNativeTarget "Maps" */;
			buildPhases = (
				6A767AE61DB2DDF60001161F /* Sources */,
				6A767AE71DB2DDF60001161F /* Frameworks */,
				6A767AE81DB2DDF60001161F /* Resources */,
			);
			buildRules = (
			);
			dependencies = (
			);
			name = Maps;
			productName = Maps;
			productReference = 6A767AEA1DB2DDF60001161F /* Maps.app */;
			productType = "com.apple.product-type.application";
		};
		6A767B001DB2DDF60001161F /* MapsTests */ = {
			isa = PBXNativeTarget;
			buildConfigurationList = 6A767B181DB2DDF70001161F /* Build configuration list for PBXNativeTarget "MapsTests" */;
			buildPhases = (
				6A767AFD1DB2DDF60001161F /* Sources */,
				6A767AFE1DB2DDF60001161F /* Frameworks */,
				6A767AFF1DB2DDF60001161F /* Resources */,
			);
			buildRules = (
			);
			dependencies = (
				6A767B031DB2DDF60001161F /* PBXTargetDependency */,
			);
			name = MapsTests;
			productName = MapsTests;
			productReference = 6A767B011DB2DDF60001161F /* MapsTests.xctest */;
			productType = "com.apple.product-type.bundle.unit-test";
		};
		6A767B0B1DB2DDF70001161F /* MapsUITests */ = {
			isa = PBXNativeTarget;
			buildConfigurationList = 6A767B1B1DB2DDF70001161F /* Build configuration list for PBXNativeTarget "MapsUITests" */;
			buildPhases = (
				6A767B081DB2DDF70001161F /* Sources */,
				6A767B091DB2DDF70001161F /* Frameworks */,
				6A767B0A1DB2DDF70001161F /* Resources */,
			);
			buildRules = (
			);
			dependencies = (
				6A767B0E1DB2DDF70001161F /* PBXTargetDependency */,
			);
			name = MapsUITests;
			productName = MapsUITests;
			productReference = 6A767B0C1DB2DDF70001161F /* MapsUITests.xctest */;
			productType = "com.apple.product-type.bundle.ui-testing";
		};
/* End PBXNativeTarget section */

/* Begin PBXProject section */
		6A767AE21DB2DDF60001161F /* Project object */ = {
			isa = PBXProject;
			attributes = {
				LastSwiftUpdateCheck = 0800;
				LastUpgradeCheck = 0800;
				ORGANIZATIONNAME = Team_Interactive_Maps;
				TargetAttributes = {
					6A767AE91DB2DDF60001161F = {
						CreatedOnToolsVersion = 8.0;
						ProvisioningStyle = Automatic;
					};
					6A767B001DB2DDF60001161F = {
						CreatedOnToolsVersion = 8.0;
						ProvisioningStyle = Automatic;
						TestTargetID = 6A767AE91DB2DDF60001161F;
					};
					6A767B0B1DB2DDF70001161F = {
						CreatedOnToolsVersion = 8.0;
						ProvisioningStyle = Automatic;
						TestTargetID = 6A767AE91DB2DDF60001161F;
					};
				};
			};
			buildConfigurationList = 6A767AE51DB2DDF60001161F /* Build configuration list for PBXProject "Maps" */;
			compatibilityVersion = "Xcode 3.2";
			developmentRegion = English;
			hasScannedForEncodings = 0;
			knownRegions = (
				en,
				Base,
			);
			mainGroup = 6A767AE11DB2DDF60001161F;
			productRefGroup = 6A767AEB1DB2DDF60001161F /* Products */;
			projectDirPath = "";
			projectRoot = "";
			targets = (
				6A767AE91DB2DDF60001161F /* Maps */,
				6A767B001DB2DDF60001161F /* MapsTests */,
				6A767B0B1DB2DDF70001161F /* MapsUITests */,
			);
		};
/* End PBXProject section */

/* Begin PBXResourcesBuildPhase section */
		6A767AE81DB2DDF60001161F /* Resources */ = {
			isa = PBXResourcesBuildPhase;
			buildActionMask = 2147483647;
			files = (
				6A767AFB1DB2DDF60001161F /* LaunchScreen.storyboard in Resources */,
				6A767AF81DB2DDF60001161F /* Assets.xcassets in Resources */,
				6A767AF31DB2DDF60001161F /* Main.storyboard in Resources */,
			);
			runOnlyForDeploymentPostprocessing = 0;
		};
		6A767AFF1DB2DDF60001161F /* Resources */ = {
			isa = PBXResourcesBuildPhase;
			buildActionMask = 2147483647;
			files = (
			);
			runOnlyForDeploymentPostprocessing = 0;
		};
		6A767B0A1DB2DDF70001161F /* Resources */ = {
			isa = PBXResourcesBuildPhase;
			buildActionMask = 2147483647;
			files = (
			);
			runOnlyForDeploymentPostprocessing = 0;
		};
/* End PBXResourcesBuildPhase section */

/* Begin PBXSourcesBuildPhase section */
		6A767AE61DB2DDF60001161F /* Sources */ = {
			isa = PBXSourcesBuildPhase;
			buildActionMask = 2147483647;
			files = (
				6A767AF61DB2DDF60001161F /* Maps.xcdatamodeld in Sources */,
				6AC9A5E81DC27EDB001D7C8B /* ScrollSettings.swift in Sources */,
				6A767AF01DB2DDF60001161F /* ViewController.swift in Sources */,
				6A767B251DB338FC0001161F /* ViewSettings.swift in Sources */,
				6A767B271DB3457D0001161F /* BoothProperties.swift in Sources */,
				6A767AEE1DB2DDF60001161F /* AppDelegate.swift in Sources */,
			);
			runOnlyForDeploymentPostprocessing = 0;
		};
		6A767AFD1DB2DDF60001161F /* Sources */ = {
			isa = PBXSourcesBuildPhase;
			buildActionMask = 2147483647;
			files = (
				6A767B061DB2DDF70001161F /* MapsTests.swift in Sources */,
			);
			runOnlyForDeploymentPostprocessing = 0;
		};
		6A767B081DB2DDF70001161F /* Sources */ = {
			isa = PBXSourcesBuildPhase;
			buildActionMask = 2147483647;
			files = (
				6A767B111DB2DDF70001161F /* MapsUITests.swift in Sources */,
			);
			runOnlyForDeploymentPostprocessing = 0;
		};
/* End PBXSourcesBuildPhase section */

/* Begin PBXTargetDependency section */
		6A767B031DB2DDF60001161F /* PBXTargetDependency */ = {
			isa = PBXTargetDependency;
			target = 6A767AE91DB2DDF60001161F /* Maps */;
			targetProxy = 6A767B021DB2DDF60001161F /* PBXContainerItemProxy */;
		};
		6A767B0E1DB2DDF70001161F /* PBXTargetDependency */ = {
			isa = PBXTargetDependency;
			target = 6A767AE91DB2DDF60001161F /* Maps */;
			targetProxy = 6A767B0D1DB2DDF70001161F /* PBXContainerItemProxy */;
		};
/* End PBXTargetDependency section */

/* Begin PBXVariantGroup section */
		6A767AF11DB2DDF60001161F /* Main.storyboard */ = {
			isa = PBXVariantGroup;
			children = (
				6A767AF21DB2DDF60001161F /* Base */,
			);
			name = Main.storyboard;
			sourceTree = "<group>";
		};
		6A767AF91DB2DDF60001161F /* LaunchScreen.storyboard */ = {
			isa = PBXVariantGroup;
			children = (
				6A767AFA1DB2DDF60001161F /* Base */,
			);
			name = LaunchScreen.storyboard;
			sourceTree = "<group>";
		};
/* End PBXVariantGroup section */

/* Begin XCBuildConfiguration section */
		6A767B131DB2DDF70001161F /* Debug */ = {
			isa = XCBuildConfiguration;
			buildSettings = {
				ALWAYS_SEARCH_USER_PATHS = NO;
				CLANG_ANALYZER_NONNULL = YES;
				CLANG_CXX_LANGUAGE_STANDARD = "gnu++0x";
				CLANG_CXX_LIBRARY = "libc++";
				CLANG_ENABLE_MODULES = YES;
				CLANG_ENABLE_OBJC_ARC = YES;
				CLANG_WARN_BOOL_CONVERSION = YES;
				CLANG_WARN_CONSTANT_CONVERSION = YES;
				CLANG_WARN_DIRECT_OBJC_ISA_USAGE = YES_ERROR;
				CLANG_WARN_DOCUMENTATION_COMMENTS = YES;
				CLANG_WARN_EMPTY_BODY = YES;
				CLANG_WARN_ENUM_CONVERSION = YES;
				CLANG_WARN_INFINITE_RECURSION = YES;
				CLANG_WARN_INT_CONVERSION = YES;
				CLANG_WARN_OBJC_ROOT_CLASS = YES_ERROR;
				CLANG_WARN_SUSPICIOUS_MOVES = YES;
				CLANG_WARN_UNREACHABLE_CODE = YES;
				CLANG_WARN__DUPLICATE_METHOD_MATCH = YES;
				"CODE_SIGN_IDENTITY[sdk=iphoneos*]" = "iPhone Developer";
				COPY_PHASE_STRIP = NO;
				DEBUG_INFORMATION_FORMAT = dwarf;
				ENABLE_STRICT_OBJC_MSGSEND = YES;
				ENABLE_TESTABILITY = YES;
				GCC_C_LANGUAGE_STANDARD = gnu99;
				GCC_DYNAMIC_NO_PIC = NO;
				GCC_NO_COMMON_BLOCKS = YES;
				GCC_OPTIMIZATION_LEVEL = 0;
				GCC_PREPROCESSOR_DEFINITIONS = (
					"DEBUG=1",
					"$(inherited)",
				);
				GCC_WARN_64_TO_32_BIT_CONVERSION = YES;
				GCC_WARN_ABOUT_RETURN_TYPE = YES_ERROR;
				GCC_WARN_UNDECLARED_SELECTOR = YES;
				GCC_WARN_UNINITIALIZED_AUTOS = YES_AGGRESSIVE;
				GCC_WARN_UNUSED_FUNCTION = YES;
				GCC_WARN_UNUSED_VARIABLE = YES;
				IPHONEOS_DEPLOYMENT_TARGET = 10.0;
				MTL_ENABLE_DEBUG_INFO = YES;
				ONLY_ACTIVE_ARCH = YES;
				SDKROOT = iphoneos;
				SWIFT_ACTIVE_COMPILATION_CONDITIONS = DEBUG;
				SWIFT_OPTIMIZATION_LEVEL = "-Onone";
				TARGETED_DEVICE_FAMILY = "1,2";
			};
			name = Debug;
		};
		6A767B141DB2DDF70001161F /* Release */ = {
			isa = XCBuildConfiguration;
			buildSettings = {
				ALWAYS_SEARCH_USER_PATHS = NO;
				CLANG_ANALYZER_NONNULL = YES;
				CLANG_CXX_LANGUAGE_STANDARD = "gnu++0x";
				CLANG_CXX_LIBRARY = "libc++";
				CLANG_ENABLE_MODULES = YES;
				CLANG_ENABLE_OBJC_ARC = YES;
				CLANG_WARN_BOOL_CONVERSION = YES;
				CLANG_WARN_CONSTANT_CONVERSION = YES;
				CLANG_WARN_DIRECT_OBJC_ISA_USAGE = YES_ERROR;
				CLANG_WARN_DOCUMENTATION_COMMENTS = YES;
				CLANG_WARN_EMPTY_BODY = YES;
				CLANG_WARN_ENUM_CONVERSION = YES;
				CLANG_WARN_INFINITE_RECURSION = YES;
				CLANG_WARN_INT_CONVERSION = YES;
				CLANG_WARN_OBJC_ROOT_CLASS = YES_ERROR;
				CLANG_WARN_SUSPICIOUS_MOVES = YES;
				CLANG_WARN_UNREACHABLE_CODE = YES;
				CLANG_WARN__DUPLICATE_METHOD_MATCH = YES;
				"CODE_SIGN_IDENTITY[sdk=iphoneos*]" = "iPhone Developer";
				COPY_PHASE_STRIP = NO;
				DEBUG_INFORMATION_FORMAT = "dwarf-with-dsym";
				ENABLE_NS_ASSERTIONS = NO;
				ENABLE_STRICT_OBJC_MSGSEND = YES;
				GCC_C_LANGUAGE_STANDARD = gnu99;
				GCC_NO_COMMON_BLOCKS = YES;
				GCC_WARN_64_TO_32_BIT_CONVERSION = YES;
				GCC_WARN_ABOUT_RETURN_TYPE = YES_ERROR;
				GCC_WARN_UNDECLARED_SELECTOR = YES;
				GCC_WARN_UNINITIALIZED_AUTOS = YES_AGGRESSIVE;
				GCC_WARN_UNUSED_FUNCTION = YES;
				GCC_WARN_UNUSED_VARIABLE = YES;
				IPHONEOS_DEPLOYMENT_TARGET = 10.0;
				MTL_ENABLE_DEBUG_INFO = NO;
				SDKROOT = iphoneos;
				SWIFT_OPTIMIZATION_LEVEL = "-Owholemodule";
				TARGETED_DEVICE_FAMILY = "1,2";
				VALIDATE_PRODUCT = YES;
			};
			name = Release;
		};
		6A767B161DB2DDF70001161F /* Debug */ = {
			isa = XCBuildConfiguration;
			buildSettings = {
				ASSETCATALOG_COMPILER_APPICON_NAME = AppIcon;
				INFOPLIST_FILE = Maps/Info.plist;
				LD_RUNPATH_SEARCH_PATHS = "$(inherited) @executable_path/Frameworks";
				PRODUCT_BUNDLE_IDENTIFIER = IM.Maps;
				PRODUCT_NAME = "$(TARGET_NAME)";
				SWIFT_VERSION = 3.0;
			};
			name = Debug;
		};
		6A767B171DB2DDF70001161F /* Release */ = {
			isa = XCBuildConfiguration;
			buildSettings = {
				ASSETCATALOG_COMPILER_APPICON_NAME = AppIcon;
				INFOPLIST_FILE = Maps/Info.plist;
				LD_RUNPATH_SEARCH_PATHS = "$(inherited) @executable_path/Frameworks";
				PRODUCT_BUNDLE_IDENTIFIER = IM.Maps;
				PRODUCT_NAME = "$(TARGET_NAME)";
				SWIFT_VERSION = 3.0;
			};
			name = Release;
		};
		6A767B191DB2DDF70001161F /* Debug */ = {
			isa = XCBuildConfiguration;
			buildSettings = {
				ALWAYS_EMBED_SWIFT_STANDARD_LIBRARIES = YES;
				BUNDLE_LOADER = "$(TEST_HOST)";
				INFOPLIST_FILE = MapsTests/Info.plist;
				LD_RUNPATH_SEARCH_PATHS = "$(inherited) @executable_path/Frameworks @loader_path/Frameworks";
				PRODUCT_BUNDLE_IDENTIFIER = IM.MapsTests;
				PRODUCT_NAME = "$(TARGET_NAME)";
				SWIFT_VERSION = 3.0;
				TEST_HOST = "$(BUILT_PRODUCTS_DIR)/Maps.app/Maps";
			};
			name = Debug;
		};
		6A767B1A1DB2DDF70001161F /* Release */ = {
			isa = XCBuildConfiguration;
			buildSettings = {
				ALWAYS_EMBED_SWIFT_STANDARD_LIBRARIES = YES;
				BUNDLE_LOADER = "$(TEST_HOST)";
				INFOPLIST_FILE = MapsTests/Info.plist;
				LD_RUNPATH_SEARCH_PATHS = "$(inherited) @executable_path/Frameworks @loader_path/Frameworks";
				PRODUCT_BUNDLE_IDENTIFIER = IM.MapsTests;
				PRODUCT_NAME = "$(TARGET_NAME)";
				SWIFT_VERSION = 3.0;
				TEST_HOST = "$(BUILT_PRODUCTS_DIR)/Maps.app/Maps";
			};
			name = Release;
		};
		6A767B1C1DB2DDF70001161F /* Debug */ = {
			isa = XCBuildConfiguration;
			buildSettings = {
				ALWAYS_EMBED_SWIFT_STANDARD_LIBRARIES = YES;
				INFOPLIST_FILE = MapsUITests/Info.plist;
				LD_RUNPATH_SEARCH_PATHS = "$(inherited) @executable_path/Frameworks @loader_path/Frameworks";
				PRODUCT_BUNDLE_IDENTIFIER = IM.MapsUITests;
				PRODUCT_NAME = "$(TARGET_NAME)";
				SWIFT_VERSION = 3.0;
				TEST_TARGET_NAME = Maps;
			};
			name = Debug;
		};
		6A767B1D1DB2DDF70001161F /* Release */ = {
			isa = XCBuildConfiguration;
			buildSettings = {
				ALWAYS_EMBED_SWIFT_STANDARD_LIBRARIES = YES;
				INFOPLIST_FILE = MapsUITests/Info.plist;
				LD_RUNPATH_SEARCH_PATHS = "$(inherited) @executable_path/Frameworks @loader_path/Frameworks";
				PRODUCT_BUNDLE_IDENTIFIER = IM.MapsUITests;
				PRODUCT_NAME = "$(TARGET_NAME)";
				SWIFT_VERSION = 3.0;
				TEST_TARGET_NAME = Maps;
			};
			name = Release;
		};
/* End XCBuildConfiguration section */

/* Begin XCConfigurationList section */
		6A767AE51DB2DDF60001161F /* Build configuration list for PBXProject "Maps" */ = {
			isa = XCConfigurationList;
			buildConfigurations = (
				6A767B131DB2DDF70001161F /* Debug */,
				6A767B141DB2DDF70001161F /* Release */,
			);
			defaultConfigurationIsVisible = 0;
			defaultConfigurationName = Release;
		};
		6A767B151DB2DDF70001161F /* Build configuration list for PBXNativeTarget "Maps" */ = {
			isa = XCConfigurationList;
			buildConfigurations = (
				6A767B161DB2DDF70001161F /* Debug */,
				6A767B171DB2DDF70001161F /* Release */,
			);
			defaultConfigurationIsVisible = 0;
			defaultConfigurationName = Release;
		};
		6A767B181DB2DDF70001161F /* Build configuration list for PBXNativeTarget "MapsTests" */ = {
			isa = XCConfigurationList;
			buildConfigurations = (
				6A767B191DB2DDF70001161F /* Debug */,
				6A767B1A1DB2DDF70001161F /* Release */,
			);
			defaultConfigurationIsVisible = 0;
			defaultConfigurationName = Release;
		};
		6A767B1B1DB2DDF70001161F /* Build configuration list for PBXNativeTarget "MapsUITests" */ = {
			isa = XCConfigurationList;
			buildConfigurations = (
				6A767B1C1DB2DDF70001161F /* Debug */,
				6A767B1D1DB2DDF70001161F /* Release */,
			);
			defaultConfigurationIsVisible = 0;
			defaultConfigurationName = Release;
		};
/* End XCConfigurationList section */

/* Begin XCVersionGroup section */
		6A767AF41DB2DDF60001161F /* Maps.xcdatamodeld */ = {
			isa = XCVersionGroup;
			children = (
				6A767AF51DB2DDF60001161F /* Maps.xcdatamodel */,
			);
			currentVersion = 6A767AF51DB2DDF60001161F /* Maps.xcdatamodel */;
			path = Maps.xcdatamodeld;
			sourceTree = "<group>";
			versionGroupType = wrapper.xcdatamodel;
		};
/* End XCVersionGroup section */
	};
	rootObject = 6A767AE21DB2DDF60001161F /* Project object */;
}
