// !$*UTF8*$!
{
	archiveVersion = 1;
	classes = {
	};
	objectVersion = 46;
	objects = {

/* Begin PBXBuildFile section */
		2C8AEB1F1EA49949005EDCF5 /* HomeModel.swift in Sources */ = {isa = PBXBuildFile; fileRef = 2C8AEB1E1EA49949005EDCF5 /* HomeModel.swift */; };
		2C8AEB211EA4995A005EDCF5 /* LocationModal.swift in Sources */ = {isa = PBXBuildFile; fileRef = 2C8AEB201EA4995A005EDCF5 /* LocationModal.swift */; };
		2C8D68871E7F6D4500EC0A66 /* AppDelegate.swift in Sources */ = {isa = PBXBuildFile; fileRef = 2C8D68861E7F6D4500EC0A66 /* AppDelegate.swift */; };
		2C8D68891E7F6D4500EC0A66 /* ViewController.swift in Sources */ = {isa = PBXBuildFile; fileRef = 2C8D68881E7F6D4500EC0A66 /* ViewController.swift */; };
		2C8D688C1E7F6D4500EC0A66 /* Main.storyboard in Resources */ = {isa = PBXBuildFile; fileRef = 2C8D688A1E7F6D4500EC0A66 /* Main.storyboard */; };
		2C8D688E1E7F6D4500EC0A66 /* Assets.xcassets in Resources */ = {isa = PBXBuildFile; fileRef = 2C8D688D1E7F6D4500EC0A66 /* Assets.xcassets */; };
		2C8D68911E7F6D4500EC0A66 /* LaunchScreen.storyboard in Resources */ = {isa = PBXBuildFile; fileRef = 2C8D688F1E7F6D4500EC0A66 /* LaunchScreen.storyboard */; };
		2C8D68991E80590000EC0A66 /* LocationSearchTable.swift in Sources */ = {isa = PBXBuildFile; fileRef = 2C8D68981E80590000EC0A66 /* LocationSearchTable.swift */; };
/* End PBXBuildFile section */

/* Begin PBXFileReference section */
		2C8AEB1E1EA49949005EDCF5 /* HomeModel.swift */ = {isa = PBXFileReference; fileEncoding = 4; lastKnownFileType = sourcecode.swift; path = HomeModel.swift; sourceTree = "<group>"; };
		2C8AEB201EA4995A005EDCF5 /* LocationModal.swift */ = {isa = PBXFileReference; fileEncoding = 4; lastKnownFileType = sourcecode.swift; path = LocationModal.swift; sourceTree = "<group>"; };
		2C8D68831E7F6D4500EC0A66 /* Skeye_UI_New.app */ = {isa = PBXFileReference; explicitFileType = wrapper.application; includeInIndex = 0; path = Skeye_UI_New.app; sourceTree = BUILT_PRODUCTS_DIR; };
		2C8D68861E7F6D4500EC0A66 /* AppDelegate.swift */ = {isa = PBXFileReference; lastKnownFileType = sourcecode.swift; path = AppDelegate.swift; sourceTree = "<group>"; };
		2C8D68881E7F6D4500EC0A66 /* ViewController.swift */ = {isa = PBXFileReference; lastKnownFileType = sourcecode.swift; path = ViewController.swift; sourceTree = "<group>"; };
		2C8D688B1E7F6D4500EC0A66 /* Base */ = {isa = PBXFileReference; lastKnownFileType = file.storyboard; name = Base; path = Base.lproj/Main.storyboard; sourceTree = "<group>"; };
		2C8D688D1E7F6D4500EC0A66 /* Assets.xcassets */ = {isa = PBXFileReference; lastKnownFileType = folder.assetcatalog; path = Assets.xcassets; sourceTree = "<group>"; };
		2C8D68901E7F6D4500EC0A66 /* Base */ = {isa = PBXFileReference; lastKnownFileType = file.storyboard; name = Base; path = Base.lproj/LaunchScreen.storyboard; sourceTree = "<group>"; };
		2C8D68921E7F6D4500EC0A66 /* Info.plist */ = {isa = PBXFileReference; lastKnownFileType = text.plist.xml; path = Info.plist; sourceTree = "<group>"; };
		2C8D68981E80590000EC0A66 /* LocationSearchTable.swift */ = {isa = PBXFileReference; fileEncoding = 4; lastKnownFileType = sourcecode.swift; path = LocationSearchTable.swift; sourceTree = "<group>"; };
/* End PBXFileReference section */

/* Begin PBXFrameworksBuildPhase section */
		2C8D68801E7F6D4500EC0A66 /* Frameworks */ = {
			isa = PBXFrameworksBuildPhase;
			buildActionMask = 2147483647;
			files = (
			);
			runOnlyForDeploymentPostprocessing = 0;
		};
/* End PBXFrameworksBuildPhase section */

/* Begin PBXGroup section */
		2C8D687A1E7F6D4500EC0A66 = {
			isa = PBXGroup;
			children = (
				2C8D68851E7F6D4500EC0A66 /* Skeye_UI_New */,
				2C8D68841E7F6D4500EC0A66 /* Products */,
			);
			sourceTree = "<group>";
		};
		2C8D68841E7F6D4500EC0A66 /* Products */ = {
			isa = PBXGroup;
			children = (
				2C8D68831E7F6D4500EC0A66 /* Skeye_UI_New.app */,
			);
			name = Products;
			sourceTree = "<group>";
		};
		2C8D68851E7F6D4500EC0A66 /* Skeye_UI_New */ = {
			isa = PBXGroup;
			children = (
				2C8D68861E7F6D4500EC0A66 /* AppDelegate.swift */,
				2C8D68881E7F6D4500EC0A66 /* ViewController.swift */,
				2C8D688A1E7F6D4500EC0A66 /* Main.storyboard */,
				2C8D68981E80590000EC0A66 /* LocationSearchTable.swift */,
				2C8D688D1E7F6D4500EC0A66 /* Assets.xcassets */,
				2C8D688F1E7F6D4500EC0A66 /* LaunchScreen.storyboard */,
				2C8D68921E7F6D4500EC0A66 /* Info.plist */,
				2C8AEB1E1EA49949005EDCF5 /* HomeModel.swift */,
				2C8AEB201EA4995A005EDCF5 /* LocationModal.swift */,
			);
			path = Skeye_UI_New;
			sourceTree = "<group>";
		};
/* End PBXGroup section */

/* Begin PBXNativeTarget section */
		2C8D68821E7F6D4500EC0A66 /* Skeye_UI_New */ = {
			isa = PBXNativeTarget;
			buildConfigurationList = 2C8D68951E7F6D4500EC0A66 /* Build configuration list for PBXNativeTarget "Skeye_UI_New" */;
			buildPhases = (
				2C8D687F1E7F6D4500EC0A66 /* Sources */,
				2C8D68801E7F6D4500EC0A66 /* Frameworks */,
				2C8D68811E7F6D4500EC0A66 /* Resources */,
			);
			buildRules = (
			);
			dependencies = (
			);
			name = Skeye_UI_New;
			productName = Skeye_UI_New;
			productReference = 2C8D68831E7F6D4500EC0A66 /* Skeye_UI_New.app */;
			productType = "com.apple.product-type.application";
		};
/* End PBXNativeTarget section */

/* Begin PBXProject section */
		2C8D687B1E7F6D4500EC0A66 /* Project object */ = {
			isa = PBXProject;
			attributes = {
				LastSwiftUpdateCheck = 0810;
				LastUpgradeCheck = 0810;
				ORGANIZATIONNAME = "Sandeep Kaur";
				TargetAttributes = {
					2C8D68821E7F6D4500EC0A66 = {
						CreatedOnToolsVersion = 8.1;
						ProvisioningStyle = Automatic;
					};
				};
			};
			buildConfigurationList = 2C8D687E1E7F6D4500EC0A66 /* Build configuration list for PBXProject "Skeye_UI_New" */;
			compatibilityVersion = "Xcode 3.2";
			developmentRegion = English;
			hasScannedForEncodings = 0;
			knownRegions = (
				en,
				Base,
			);
			mainGroup = 2C8D687A1E7F6D4500EC0A66;
			productRefGroup = 2C8D68841E7F6D4500EC0A66 /* Products */;
			projectDirPath = "";
			projectRoot = "";
			targets = (
				2C8D68821E7F6D4500EC0A66 /* Skeye_UI_New */,
			);
		};
/* End PBXProject section */

/* Begin PBXResourcesBuildPhase section */
		2C8D68811E7F6D4500EC0A66 /* Resources */ = {
			isa = PBXResourcesBuildPhase;
			buildActionMask = 2147483647;
			files = (
				2C8D68911E7F6D4500EC0A66 /* LaunchScreen.storyboard in Resources */,
				2C8D688E1E7F6D4500EC0A66 /* Assets.xcassets in Resources */,
				2C8D688C1E7F6D4500EC0A66 /* Main.storyboard in Resources */,
			);
			runOnlyForDeploymentPostprocessing = 0;
		};
/* End PBXResourcesBuildPhase section */

/* Begin PBXSourcesBuildPhase section */
		2C8D687F1E7F6D4500EC0A66 /* Sources */ = {
			isa = PBXSourcesBuildPhase;
			buildActionMask = 2147483647;
			files = (
				2C8AEB1F1EA49949005EDCF5 /* HomeModel.swift in Sources */,
				2C8D68991E80590000EC0A66 /* LocationSearchTable.swift in Sources */,
				2C8D68891E7F6D4500EC0A66 /* ViewController.swift in Sources */,
				2C8AEB211EA4995A005EDCF5 /* LocationModal.swift in Sources */,
				2C8D68871E7F6D4500EC0A66 /* AppDelegate.swift in Sources */,
			);
			runOnlyForDeploymentPostprocessing = 0;
		};
/* End PBXSourcesBuildPhase section */

/* Begin PBXVariantGroup section */
		2C8D688A1E7F6D4500EC0A66 /* Main.storyboard */ = {
			isa = PBXVariantGroup;
			children = (
				2C8D688B1E7F6D4500EC0A66 /* Base */,
			);
			name = Main.storyboard;
			sourceTree = "<group>";
		};
		2C8D688F1E7F6D4500EC0A66 /* LaunchScreen.storyboard */ = {
			isa = PBXVariantGroup;
			children = (
				2C8D68901E7F6D4500EC0A66 /* Base */,
			);
			name = LaunchScreen.storyboard;
			sourceTree = "<group>";
		};
/* End PBXVariantGroup section */

/* Begin XCBuildConfiguration section */
		2C8D68931E7F6D4500EC0A66 /* Debug */ = {
			isa = XCBuildConfiguration;
			buildSettings = {
				ALWAYS_SEARCH_USER_PATHS = NO;
				CLANG_ANALYZER_NONNULL = YES;
				CLANG_CXX_LANGUAGE_STANDARD = "gnu++0x";
				CLANG_CXX_LIBRARY = "libc++";
				CLANG_ENABLE_MODULES = YES;
				CLANG_ENABLE_OBJC_ARC = YES;
				CLANG_WARN_BOOL_CONVERSION = YES;
				CLANG_WARN_CONSTANT_CONVERSION = YES;
				CLANG_WARN_DIRECT_OBJC_ISA_USAGE = YES_ERROR;
				CLANG_WARN_DOCUMENTATION_COMMENTS = YES;
				CLANG_WARN_EMPTY_BODY = YES;
				CLANG_WARN_ENUM_CONVERSION = YES;
				CLANG_WARN_INFINITE_RECURSION = YES;
				CLANG_WARN_INT_CONVERSION = YES;
				CLANG_WARN_OBJC_ROOT_CLASS = YES_ERROR;
				CLANG_WARN_SUSPICIOUS_MOVES = YES;
				CLANG_WARN_UNREACHABLE_CODE = YES;
				CLANG_WARN__DUPLICATE_METHOD_MATCH = YES;
				"CODE_SIGN_IDENTITY[sdk=iphoneos*]" = "iPhone Developer";
				COPY_PHASE_STRIP = NO;
				DEBUG_INFORMATION_FORMAT = dwarf;
				ENABLE_STRICT_OBJC_MSGSEND = YES;
				ENABLE_TESTABILITY = YES;
				GCC_C_LANGUAGE_STANDARD = gnu99;
				GCC_DYNAMIC_NO_PIC = NO;
				GCC_NO_COMMON_BLOCKS = YES;
				GCC_OPTIMIZATION_LEVEL = 0;
				GCC_PREPROCESSOR_DEFINITIONS = (
					"DEBUG=1",
					"$(inherited)",
				);
				GCC_WARN_64_TO_32_BIT_CONVERSION = YES;
				GCC_WARN_ABOUT_RETURN_TYPE = YES_ERROR;
				GCC_WARN_UNDECLARED_SELECTOR = YES;
				GCC_WARN_UNINITIALIZED_AUTOS = YES_AGGRESSIVE;
				GCC_WARN_UNUSED_FUNCTION = YES;
				GCC_WARN_UNUSED_VARIABLE = YES;
				IPHONEOS_DEPLOYMENT_TARGET = 10.1;
				MTL_ENABLE_DEBUG_INFO = YES;
				ONLY_ACTIVE_ARCH = YES;
				SDKROOT = iphoneos;
				SWIFT_ACTIVE_COMPILATION_CONDITIONS = DEBUG;
				SWIFT_OPTIMIZATION_LEVEL = "-Onone";
				TARGETED_DEVICE_FAMILY = "1,2";
			};
			name = Debug;
		};
		2C8D68941E7F6D4500EC0A66 /* Release */ = {
			isa = XCBuildConfiguration;
			buildSettings = {
				ALWAYS_SEARCH_USER_PATHS = NO;
				CLANG_ANALYZER_NONNULL = YES;
				CLANG_CXX_LANGUAGE_STANDARD = "gnu++0x";
				CLANG_CXX_LIBRARY = "libc++";
				CLANG_ENABLE_MODULES = YES;
				CLANG_ENABLE_OBJC_ARC = YES;
				CLANG_WARN_BOOL_CONVERSION = YES;
				CLANG_WARN_CONSTANT_CONVERSION = YES;
				CLANG_WARN_DIRECT_OBJC_ISA_USAGE = YES_ERROR;
				CLANG_WARN_DOCUMENTATION_COMMENTS = YES;
				CLANG_WARN_EMPTY_BODY = YES;
				CLANG_WARN_ENUM_CONVERSION = YES;
				CLANG_WARN_INFINITE_RECURSION = YES;
				CLANG_WARN_INT_CONVERSION = YES;
				CLANG_WARN_OBJC_ROOT_CLASS = YES_ERROR;
				CLANG_WARN_SUSPICIOUS_MOVES = YES;
				CLANG_WARN_UNREACHABLE_CODE = YES;
				CLANG_WARN__DUPLICATE_METHOD_MATCH = YES;
				"CODE_SIGN_IDENTITY[sdk=iphoneos*]" = "iPhone Developer";
				COPY_PHASE_STRIP = NO;
				DEBUG_INFORMATION_FORMAT = "dwarf-with-dsym";
				ENABLE_NS_ASSERTIONS = NO;
				ENABLE_STRICT_OBJC_MSGSEND = YES;
				GCC_C_LANGUAGE_STANDARD = gnu99;
				GCC_NO_COMMON_BLOCKS = YES;
				GCC_WARN_64_TO_32_BIT_CONVERSION = YES;
				GCC_WARN_ABOUT_RETURN_TYPE = YES_ERROR;
				GCC_WARN_UNDECLARED_SELECTOR = YES;
				GCC_WARN_UNINITIALIZED_AUTOS = YES_AGGRESSIVE;
				GCC_WARN_UNUSED_FUNCTION = YES;
				GCC_WARN_UNUSED_VARIABLE = YES;
				IPHONEOS_DEPLOYMENT_TARGET = 10.1;
				MTL_ENABLE_DEBUG_INFO = NO;
				SDKROOT = iphoneos;
				SWIFT_OPTIMIZATION_LEVEL = "-Owholemodule";
				TARGETED_DEVICE_FAMILY = "1,2";
				VALIDATE_PRODUCT = YES;
			};
			name = Release;
		};
		2C8D68961E7F6D4500EC0A66 /* Debug */ = {
			isa = XCBuildConfiguration;
			buildSettings = {
				ASSETCATALOG_COMPILER_APPICON_NAME = AppIcon;
				INFOPLIST_FILE = Skeye_UI_New/Info.plist;
				LD_RUNPATH_SEARCH_PATHS = "$(inherited) @executable_path/Frameworks";
				PRODUCT_BUNDLE_IDENTIFIER = "com.testingdrawing.Skeye-UI-New";
				PRODUCT_NAME = "$(TARGET_NAME)";
				SWIFT_VERSION = 3.0;
			};
			name = Debug;
		};
		2C8D68971E7F6D4500EC0A66 /* Release */ = {
			isa = XCBuildConfiguration;
			buildSettings = {
				ASSETCATALOG_COMPILER_APPICON_NAME = AppIcon;
				INFOPLIST_FILE = Skeye_UI_New/Info.plist;
				LD_RUNPATH_SEARCH_PATHS = "$(inherited) @executable_path/Frameworks";
				PRODUCT_BUNDLE_IDENTIFIER = "com.testingdrawing.Skeye-UI-New";
				PRODUCT_NAME = "$(TARGET_NAME)";
				SWIFT_VERSION = 3.0;
			};
			name = Release;
		};
/* End XCBuildConfiguration section */

/* Begin XCConfigurationList section */
		2C8D687E1E7F6D4500EC0A66 /* Build configuration list for PBXProject "Skeye_UI_New" */ = {
			isa = XCConfigurationList;
			buildConfigurations = (
				2C8D68931E7F6D4500EC0A66 /* Debug */,
				2C8D68941E7F6D4500EC0A66 /* Release */,
			);
			defaultConfigurationIsVisible = 0;
			defaultConfigurationName = Release;
		};
		2C8D68951E7F6D4500EC0A66 /* Build configuration list for PBXNativeTarget "Skeye_UI_New" */ = {
			isa = XCConfigurationList;
			buildConfigurations = (
				2C8D68961E7F6D4500EC0A66 /* Debug */,
				2C8D68971E7F6D4500EC0A66 /* Release */,
			);
			defaultConfigurationIsVisible = 0;
			defaultConfigurationName = Release;
		};
/* End XCConfigurationList section */
	};
	rootObject = 2C8D687B1E7F6D4500EC0A66 /* Project object */;
}
